// !$*UTF8*$!
{
	archiveVersion = 1;
	classes = {
	};
	objectVersion = 55;
	objects = {

/* Begin PBXBuildFile section */
		6E5ECA0C288DB15100F3C45D /* VariousLabelsView.swift in Sources */ = {isa = PBXBuildFile; fileRef = 6E5ECA0B288DB15100F3C45D /* VariousLabelsView.swift */; };
		6E5ECA0F288DB71600F3C45D /* ColoredIconLabelStyle.swift in Sources */ = {isa = PBXBuildFile; fileRef = 6E5ECA0E288DB71600F3C45D /* ColoredIconLabelStyle.swift */; };
		6E5ECA13288DBC4100F3C45D /* AttributionListView.swift in Sources */ = {isa = PBXBuildFile; fileRef = 6E5ECA12288DBC4100F3C45D /* AttributionListView.swift */; };
		6E5ECA15288DC20700F3C45D /* VariousLabelsVM.swift in Sources */ = {isa = PBXBuildFile; fileRef = 6E5ECA14288DC20700F3C45D /* VariousLabelsVM.swift */; };
		6E5ECA17288DC26100F3C45D /* LabelDetails.swift in Sources */ = {isa = PBXBuildFile; fileRef = 6E5ECA16288DC26100F3C45D /* LabelDetails.swift */; };
		6E5ECA19288DCCFA00F3C45D /* AttributionListVM.swift in Sources */ = {isa = PBXBuildFile; fileRef = 6E5ECA18288DCCFA00F3C45D /* AttributionListVM.swift */; };
		6E5ECA1B288DCDD800F3C45D /* AttributionDetails.swift in Sources */ = {isa = PBXBuildFile; fileRef = 6E5ECA1A288DCDD800F3C45D /* AttributionDetails.swift */; };
		6E5ECA1D288DD18B00F3C45D /* AttributionDetailsView.swift in Sources */ = {isa = PBXBuildFile; fileRef = 6E5ECA1C288DD18B00F3C45D /* AttributionDetailsView.swift */; };
		6E5ECA1F288DD8DD00F3C45D /* AttributionDetailsVM.swift in Sources */ = {isa = PBXBuildFile; fileRef = 6E5ECA1E288DD8DD00F3C45D /* AttributionDetailsVM.swift */; };
		6E5ECA25288DF42200F3C45D /* Realm in Frameworks */ = {isa = PBXBuildFile; productRef = 6E5ECA24288DF42200F3C45D /* Realm */; };
		6E5ECA27288DF42200F3C45D /* RealmSwift in Frameworks */ = {isa = PBXBuildFile; productRef = 6E5ECA26288DF42200F3C45D /* RealmSwift */; };
		6E5ECA2A288DF4B200F3C45D /* Fakery in Frameworks */ = {isa = PBXBuildFile; productRef = 6E5ECA29288DF4B200F3C45D /* Fakery */; };
		6E716EDF2892FA430090A88B /* CustomWordsView.swift in Sources */ = {isa = PBXBuildFile; fileRef = 6E716EDE2892FA430090A88B /* CustomWordsView.swift */; };
		6E716EE12893003A0090A88B /* ArrayExtension.swift in Sources */ = {isa = PBXBuildFile; fileRef = 6E716EE02893003A0090A88B /* ArrayExtension.swift */; };
		6E716EE3289304F70090A88B /* TextFieldAlertView.swift in Sources */ = {isa = PBXBuildFile; fileRef = 6E716EE2289304F70090A88B /* TextFieldAlertView.swift */; };
		6E716EE5289341610090A88B /* AVKitPlayerView.swift in Sources */ = {isa = PBXBuildFile; fileRef = 6E716EE4289341610090A88B /* AVKitPlayerView.swift */; };
		6E716EE828934B120090A88B /* VLCKitPlayerView.swift in Sources */ = {isa = PBXBuildFile; fileRef = 6E716EE728934B120090A88B /* VLCKitPlayerView.swift */; };
		6E716EEC289354090090A88B /* FirestoreView.swift in Sources */ = {isa = PBXBuildFile; fileRef = 6E716EEB289354090090A88B /* FirestoreView.swift */; };
		6EAD59C4288D8CA0004DF069 /* BetterListPicker in Frameworks */ = {isa = PBXBuildFile; productRef = 6EAD59C3288D8CA0004DF069 /* BetterListPicker */; };
		6EAD59C7288D90A3004DF069 /* AppAppearance.swift in Sources */ = {isa = PBXBuildFile; fileRef = 6EAD59C6288D90A3004DF069 /* AppAppearance.swift */; };
		6EAD59C9288D93D1004DF069 /* DeferView.swift in Sources */ = {isa = PBXBuildFile; fileRef = 6EAD59C8288D93D1004DF069 /* DeferView.swift */; };
		6EAD59CD288D967A004DF069 /* AppDelegate.swift in Sources */ = {isa = PBXBuildFile; fileRef = 6EAD59CC288D967A004DF069 /* AppDelegate.swift */; };
		6EAD59D1288D9958004DF069 /* MainVM.swift in Sources */ = {isa = PBXBuildFile; fileRef = 6EAD59D0288D9958004DF069 /* MainVM.swift */; };
		6EAD59D3288D9D37004DF069 /* ColorExtension.swift in Sources */ = {isa = PBXBuildFile; fileRef = 6EAD59D2288D9D37004DF069 /* ColorExtension.swift */; };
		6EBE6B1C288D072900719861 /* ReferenceApp.swift in Sources */ = {isa = PBXBuildFile; fileRef = 6EBE6B1B288D072900719861 /* ReferenceApp.swift */; };
		6EBE6B1E288D072900719861 /* MainView.swift in Sources */ = {isa = PBXBuildFile; fileRef = 6EBE6B1D288D072900719861 /* MainView.swift */; };
		6EBE6B2C288D0B9A00719861 /* LICENSE in Resources */ = {isa = PBXBuildFile; fileRef = 6EBE6B2A288D0B9900719861 /* LICENSE */; };
		6EBE6B2D288D0B9A00719861 /* README.md in Resources */ = {isa = PBXBuildFile; fileRef = 6EBE6B2B288D0B9900719861 /* README.md */; };
		6ED50A87288E04B1008F0E59 /* AppIcon.swift in Sources */ = {isa = PBXBuildFile; fileRef = 6ED50A86288E04B1008F0E59 /* AppIcon.swift */; };
		6ED50A9B288EEBD0008F0E59 /* FakeryDataView.swift in Sources */ = {isa = PBXBuildFile; fileRef = 6ED50A9A288EEBD0008F0E59 /* FakeryDataView.swift */; };
		6ED50A9D288EEC63008F0E59 /* FakeryDataVM.swift in Sources */ = {isa = PBXBuildFile; fileRef = 6ED50A9C288EEC63008F0E59 /* FakeryDataVM.swift */; };
		6ED50A9F288F2550008F0E59 /* GoogleService-Info.plist in Resources */ = {isa = PBXBuildFile; fileRef = 6ED50A9E288F2550008F0E59 /* GoogleService-Info.plist */; };
		6ED50AA2288F29FE008F0E59 /* FirebaseAnalytics in Frameworks */ = {isa = PBXBuildFile; productRef = 6ED50AA1288F29FE008F0E59 /* FirebaseAnalytics */; };
		6ED50AA4288F29FE008F0E59 /* FirebaseAnalyticsSwift in Frameworks */ = {isa = PBXBuildFile; productRef = 6ED50AA3288F29FE008F0E59 /* FirebaseAnalyticsSwift */; };
		6ED50AA6288F29FE008F0E59 /* FirebaseAppCheck in Frameworks */ = {isa = PBXBuildFile; productRef = 6ED50AA5288F29FE008F0E59 /* FirebaseAppCheck */; };
		6ED50AA8288F29FE008F0E59 /* FirebaseAuth in Frameworks */ = {isa = PBXBuildFile; productRef = 6ED50AA7288F29FE008F0E59 /* FirebaseAuth */; };
		6ED50AAA288F29FE008F0E59 /* FirebaseFirestore in Frameworks */ = {isa = PBXBuildFile; productRef = 6ED50AA9288F29FE008F0E59 /* FirebaseFirestore */; };
		6ED50AAC288F29FE008F0E59 /* FirebaseFirestoreSwift in Frameworks */ = {isa = PBXBuildFile; productRef = 6ED50AAB288F29FE008F0E59 /* FirebaseFirestoreSwift */; };
		6ED50AAE288F29FE008F0E59 /* FirebaseRemoteConfig in Frameworks */ = {isa = PBXBuildFile; productRef = 6ED50AAD288F29FE008F0E59 /* FirebaseRemoteConfig */; };
		6ED50AB0288F29FE008F0E59 /* FirebaseRemoteConfigSwift in Frameworks */ = {isa = PBXBuildFile; productRef = 6ED50AAF288F29FE008F0E59 /* FirebaseRemoteConfigSwift */; };
		6ED50AB2288F29FE008F0E59 /* FirebaseStorage in Frameworks */ = {isa = PBXBuildFile; productRef = 6ED50AB1288F29FE008F0E59 /* FirebaseStorage */; };
		6ED50AB4288F3E86008F0E59 /* RemoteConfigView.swift in Sources */ = {isa = PBXBuildFile; fileRef = 6ED50AB3288F3E86008F0E59 /* RemoteConfigView.swift */; };
		6ED50AB6288F3ED4008F0E59 /* RemoteConfigVM.swift in Sources */ = {isa = PBXBuildFile; fileRef = 6ED50AB5288F3ED4008F0E59 /* RemoteConfigVM.swift */; };
		6ED50AB8288F5B41008F0E59 /* JSONObjectConfig.swift in Sources */ = {isa = PBXBuildFile; fileRef = 6ED50AB7288F5B41008F0E59 /* JSONObjectConfig.swift */; };
		6ED50ABA288F5B99008F0E59 /* JSONArrayConfig.swift in Sources */ = {isa = PBXBuildFile; fileRef = 6ED50AB9288F5B99008F0E59 /* JSONArrayConfig.swift */; };
		6ED50ABE288F799F008F0E59 /* MapKitView.swift in Sources */ = {isa = PBXBuildFile; fileRef = 6ED50ABD288F799F008F0E59 /* MapKitView.swift */; };
		6ED50AC2288FAA26008F0E59 /* HierarchicalListView.swift in Sources */ = {isa = PBXBuildFile; fileRef = 6ED50AC1288FAA26008F0E59 /* HierarchicalListView.swift */; };
		6ED50AC4288FAB3F008F0E59 /* HierarchicalListVM.swift in Sources */ = {isa = PBXBuildFile; fileRef = 6ED50AC3288FAB3F008F0E59 /* HierarchicalListVM.swift */; };
		6ED50AC628902721008F0E59 /* Assets.xcassets in Resources */ = {isa = PBXBuildFile; fileRef = 6ED50AC528902721008F0E59 /* Assets.xcassets */; };
		6ED50AC828903C9F008F0E59 /* PathRef.swift in Sources */ = {isa = PBXBuildFile; fileRef = 6ED50AC728903C9F008F0E59 /* PathRef.swift */; };
		6ED50ACA2890CA48008F0E59 /* VisionView.swift in Sources */ = {isa = PBXBuildFile; fileRef = 6ED50AC92890CA48008F0E59 /* VisionView.swift */; };
		6ED50ACC2890CA86008F0E59 /* VisionVM.swift in Sources */ = {isa = PBXBuildFile; fileRef = 6ED50ACB2890CA86008F0E59 /* VisionVM.swift */; };
		6ED50ACE2890CE90008F0E59 /* ImagePickerView.swift in Sources */ = {isa = PBXBuildFile; fileRef = 6ED50ACD2890CE90008F0E59 /* ImagePickerView.swift */; };
/* End PBXBuildFile section */

/* Begin PBXFileReference section */
		6E5ECA0B288DB15100F3C45D /* VariousLabelsView.swift */ = {isa = PBXFileReference; lastKnownFileType = sourcecode.swift; path = VariousLabelsView.swift; sourceTree = "<group>"; };
		6E5ECA0E288DB71600F3C45D /* ColoredIconLabelStyle.swift */ = {isa = PBXFileReference; lastKnownFileType = sourcecode.swift; path = ColoredIconLabelStyle.swift; sourceTree = "<group>"; };
		6E5ECA12288DBC4100F3C45D /* AttributionListView.swift */ = {isa = PBXFileReference; lastKnownFileType = sourcecode.swift; path = AttributionListView.swift; sourceTree = "<group>"; };
		6E5ECA14288DC20700F3C45D /* VariousLabelsVM.swift */ = {isa = PBXFileReference; lastKnownFileType = sourcecode.swift; path = VariousLabelsVM.swift; sourceTree = "<group>"; };
		6E5ECA16288DC26100F3C45D /* LabelDetails.swift */ = {isa = PBXFileReference; lastKnownFileType = sourcecode.swift; path = LabelDetails.swift; sourceTree = "<group>"; };
		6E5ECA18288DCCFA00F3C45D /* AttributionListVM.swift */ = {isa = PBXFileReference; lastKnownFileType = sourcecode.swift; path = AttributionListVM.swift; sourceTree = "<group>"; };
		6E5ECA1A288DCDD800F3C45D /* AttributionDetails.swift */ = {isa = PBXFileReference; lastKnownFileType = sourcecode.swift; path = AttributionDetails.swift; sourceTree = "<group>"; };
		6E5ECA1C288DD18B00F3C45D /* AttributionDetailsView.swift */ = {isa = PBXFileReference; lastKnownFileType = sourcecode.swift; path = AttributionDetailsView.swift; sourceTree = "<group>"; };
		6E5ECA1E288DD8DD00F3C45D /* AttributionDetailsVM.swift */ = {isa = PBXFileReference; lastKnownFileType = sourcecode.swift; path = AttributionDetailsVM.swift; sourceTree = "<group>"; };
		6E716EDE2892FA430090A88B /* CustomWordsView.swift */ = {isa = PBXFileReference; lastKnownFileType = sourcecode.swift; path = CustomWordsView.swift; sourceTree = "<group>"; };
		6E716EE02893003A0090A88B /* ArrayExtension.swift */ = {isa = PBXFileReference; lastKnownFileType = sourcecode.swift; path = ArrayExtension.swift; sourceTree = "<group>"; };
		6E716EE2289304F70090A88B /* TextFieldAlertView.swift */ = {isa = PBXFileReference; lastKnownFileType = sourcecode.swift; path = TextFieldAlertView.swift; sourceTree = "<group>"; };
		6E716EE4289341610090A88B /* AVKitPlayerView.swift */ = {isa = PBXFileReference; lastKnownFileType = sourcecode.swift; path = AVKitPlayerView.swift; sourceTree = "<group>"; };
		6E716EE6289343DF0090A88B /* Info.plist */ = {isa = PBXFileReference; lastKnownFileType = text.plist; path = Info.plist; sourceTree = "<group>"; };
		6E716EE728934B120090A88B /* VLCKitPlayerView.swift */ = {isa = PBXFileReference; lastKnownFileType = sourcecode.swift; path = VLCKitPlayerView.swift; sourceTree = "<group>"; };
		6E716EEB289354090090A88B /* FirestoreView.swift */ = {isa = PBXFileReference; lastKnownFileType = sourcecode.swift; path = FirestoreView.swift; sourceTree = "<group>"; };
		6EAD59C6288D90A3004DF069 /* AppAppearance.swift */ = {isa = PBXFileReference; lastKnownFileType = sourcecode.swift; path = AppAppearance.swift; sourceTree = "<group>"; };
		6EAD59C8288D93D1004DF069 /* DeferView.swift */ = {isa = PBXFileReference; lastKnownFileType = sourcecode.swift; path = DeferView.swift; sourceTree = "<group>"; };
		6EAD59CC288D967A004DF069 /* AppDelegate.swift */ = {isa = PBXFileReference; lastKnownFileType = sourcecode.swift; path = AppDelegate.swift; sourceTree = "<group>"; };
		6EAD59D0288D9958004DF069 /* MainVM.swift */ = {isa = PBXFileReference; lastKnownFileType = sourcecode.swift; path = MainVM.swift; sourceTree = "<group>"; };
		6EAD59D2288D9D37004DF069 /* ColorExtension.swift */ = {isa = PBXFileReference; lastKnownFileType = sourcecode.swift; path = ColorExtension.swift; sourceTree = "<group>"; };
		6EBE6B18288D072900719861 /* Reference.app */ = {isa = PBXFileReference; explicitFileType = wrapper.application; includeInIndex = 0; path = Reference.app; sourceTree = BUILT_PRODUCTS_DIR; };
		6EBE6B1B288D072900719861 /* ReferenceApp.swift */ = {isa = PBXFileReference; lastKnownFileType = sourcecode.swift; path = ReferenceApp.swift; sourceTree = "<group>"; };
		6EBE6B1D288D072900719861 /* MainView.swift */ = {isa = PBXFileReference; lastKnownFileType = sourcecode.swift; path = MainView.swift; sourceTree = "<group>"; };
		6EBE6B2A288D0B9900719861 /* LICENSE */ = {isa = PBXFileReference; fileEncoding = 4; lastKnownFileType = text; path = LICENSE; sourceTree = "<group>"; };
		6EBE6B2B288D0B9900719861 /* README.md */ = {isa = PBXFileReference; fileEncoding = 4; lastKnownFileType = net.daringfireball.markdown; path = README.md; sourceTree = "<group>"; };
		6ED50A86288E04B1008F0E59 /* AppIcon.swift */ = {isa = PBXFileReference; lastKnownFileType = sourcecode.swift; path = AppIcon.swift; sourceTree = "<group>"; };
		6ED50A9A288EEBD0008F0E59 /* FakeryDataView.swift */ = {isa = PBXFileReference; lastKnownFileType = sourcecode.swift; path = FakeryDataView.swift; sourceTree = "<group>"; };
		6ED50A9C288EEC63008F0E59 /* FakeryDataVM.swift */ = {isa = PBXFileReference; lastKnownFileType = sourcecode.swift; path = FakeryDataVM.swift; sourceTree = "<group>"; };
		6ED50A9E288F2550008F0E59 /* GoogleService-Info.plist */ = {isa = PBXFileReference; fileEncoding = 4; lastKnownFileType = text.plist.xml; path = "GoogleService-Info.plist"; sourceTree = "<group>"; };
		6ED50AB3288F3E86008F0E59 /* RemoteConfigView.swift */ = {isa = PBXFileReference; lastKnownFileType = sourcecode.swift; path = RemoteConfigView.swift; sourceTree = "<group>"; };
		6ED50AB5288F3ED4008F0E59 /* RemoteConfigVM.swift */ = {isa = PBXFileReference; lastKnownFileType = sourcecode.swift; path = RemoteConfigVM.swift; sourceTree = "<group>"; };
		6ED50AB7288F5B41008F0E59 /* JSONObjectConfig.swift */ = {isa = PBXFileReference; lastKnownFileType = sourcecode.swift; path = JSONObjectConfig.swift; sourceTree = "<group>"; };
		6ED50AB9288F5B99008F0E59 /* JSONArrayConfig.swift */ = {isa = PBXFileReference; lastKnownFileType = sourcecode.swift; path = JSONArrayConfig.swift; sourceTree = "<group>"; };
		6ED50ABD288F799F008F0E59 /* MapKitView.swift */ = {isa = PBXFileReference; lastKnownFileType = sourcecode.swift; path = MapKitView.swift; sourceTree = "<group>"; };
		6ED50AC1288FAA26008F0E59 /* HierarchicalListView.swift */ = {isa = PBXFileReference; lastKnownFileType = sourcecode.swift; path = HierarchicalListView.swift; sourceTree = "<group>"; };
		6ED50AC3288FAB3F008F0E59 /* HierarchicalListVM.swift */ = {isa = PBXFileReference; lastKnownFileType = sourcecode.swift; path = HierarchicalListVM.swift; sourceTree = "<group>"; };
		6ED50AC528902721008F0E59 /* Assets.xcassets */ = {isa = PBXFileReference; lastKnownFileType = folder.assetcatalog; path = Assets.xcassets; sourceTree = "<group>"; };
		6ED50AC728903C9F008F0E59 /* PathRef.swift */ = {isa = PBXFileReference; lastKnownFileType = sourcecode.swift; path = PathRef.swift; sourceTree = "<group>"; };
		6ED50AC92890CA48008F0E59 /* VisionView.swift */ = {isa = PBXFileReference; lastKnownFileType = sourcecode.swift; path = VisionView.swift; sourceTree = "<group>"; };
		6ED50ACB2890CA86008F0E59 /* VisionVM.swift */ = {isa = PBXFileReference; lastKnownFileType = sourcecode.swift; path = VisionVM.swift; sourceTree = "<group>"; };
		6ED50ACD2890CE90008F0E59 /* ImagePickerView.swift */ = {isa = PBXFileReference; lastKnownFileType = sourcecode.swift; path = ImagePickerView.swift; sourceTree = "<group>"; };
/* End PBXFileReference section */

/* Begin PBXFrameworksBuildPhase section */
		6EBE6B15288D072900719861 /* Frameworks */ = {
			isa = PBXFrameworksBuildPhase;
			buildActionMask = 2147483647;
			files = (
				6ED50AAE288F29FE008F0E59 /* FirebaseRemoteConfig in Frameworks */,
				6ED50AA4288F29FE008F0E59 /* FirebaseAnalyticsSwift in Frameworks */,
				6E5ECA2A288DF4B200F3C45D /* Fakery in Frameworks */,
				6E5ECA27288DF42200F3C45D /* RealmSwift in Frameworks */,
				6E5ECA25288DF42200F3C45D /* Realm in Frameworks */,
				6ED50AA6288F29FE008F0E59 /* FirebaseAppCheck in Frameworks */,
				6ED50AAC288F29FE008F0E59 /* FirebaseFirestoreSwift in Frameworks */,
				6ED50AAA288F29FE008F0E59 /* FirebaseFirestore in Frameworks */,
				6ED50AB2288F29FE008F0E59 /* FirebaseStorage in Frameworks */,
				6ED50AA2288F29FE008F0E59 /* FirebaseAnalytics in Frameworks */,
				6ED50AB0288F29FE008F0E59 /* FirebaseRemoteConfigSwift in Frameworks */,
				6EAD59C4288D8CA0004DF069 /* BetterListPicker in Frameworks */,
				6ED50AA8288F29FE008F0E59 /* FirebaseAuth in Frameworks */,
			);
			runOnlyForDeploymentPostprocessing = 0;
		};
/* End PBXFrameworksBuildPhase section */

/* Begin PBXGroup section */
		6E5ECA0D288DB6CC00F3C45D /* Miscellaneous */ = {
			isa = PBXGroup;
			children = (
				6E5ECA0E288DB71600F3C45D /* ColoredIconLabelStyle.swift */,
			);
			path = Miscellaneous;
			sourceTree = "<group>";
		};
		6EAD59C5288D9094004DF069 /* Models */ = {
			isa = PBXGroup;
			children = (
				6EAD59C6288D90A3004DF069 /* AppAppearance.swift */,
				6ED50A86288E04B1008F0E59 /* AppIcon.swift */,
				6ED50AB7288F5B41008F0E59 /* JSONObjectConfig.swift */,
				6ED50AB9288F5B99008F0E59 /* JSONArrayConfig.swift */,
				6ED50AC728903C9F008F0E59 /* PathRef.swift */,
				6E5ECA16288DC26100F3C45D /* LabelDetails.swift */,
				6E5ECA1A288DCDD800F3C45D /* AttributionDetails.swift */,
			);
			path = Models;
			sourceTree = "<group>";
		};
		6EAD59CA288D95AA004DF069 /* Extensions */ = {
			isa = PBXGroup;
			children = (
				6E716EE02893003A0090A88B /* ArrayExtension.swift */,
				6EAD59D2288D9D37004DF069 /* ColorExtension.swift */,
			);
			path = Extensions;
			sourceTree = "<group>";
		};
		6EAD59CB288D9660004DF069 /* Application */ = {
			isa = PBXGroup;
			children = (
				6EAD59CC288D967A004DF069 /* AppDelegate.swift */,
				6EBE6B1B288D072900719861 /* ReferenceApp.swift */,
			);
			path = Application;
			sourceTree = "<group>";
		};
		6EAD59CF288D96D7004DF069 /* ViewModels */ = {
			isa = PBXGroup;
			children = (
				6EAD59D0288D9958004DF069 /* MainVM.swift */,
				6ED50ACB2890CA86008F0E59 /* VisionVM.swift */,
				6ED50AB5288F3ED4008F0E59 /* RemoteConfigVM.swift */,
				6ED50AC3288FAB3F008F0E59 /* HierarchicalListVM.swift */,
				6E5ECA14288DC20700F3C45D /* VariousLabelsVM.swift */,
				6ED50A9C288EEC63008F0E59 /* FakeryDataVM.swift */,
				6E5ECA18288DCCFA00F3C45D /* AttributionListVM.swift */,
				6E5ECA1E288DD8DD00F3C45D /* AttributionDetailsVM.swift */,
			);
			path = ViewModels;
			sourceTree = "<group>";
		};
		6EBE6B0F288D072900719861 = {
			isa = PBXGroup;
			children = (
				6EBE6B2A288D0B9900719861 /* LICENSE */,
				6EBE6B2B288D0B9900719861 /* README.md */,
				6EBE6B1A288D072900719861 /* Reference */,
				6EBE6B19288D072900719861 /* Products */,
			);
			sourceTree = "<group>";
		};
		6EBE6B19288D072900719861 /* Products */ = {
			isa = PBXGroup;
			children = (
				6EBE6B18288D072900719861 /* Reference.app */,
			);
			name = Products;
			sourceTree = "<group>";
		};
		6EBE6B1A288D072900719861 /* Reference */ = {
			isa = PBXGroup;
			children = (
				6ED50AC528902721008F0E59 /* Assets.xcassets */,
				6E716EE6289343DF0090A88B /* Info.plist */,
				6ED50A9E288F2550008F0E59 /* GoogleService-Info.plist */,
				6EAD59CB288D9660004DF069 /* Application */,
				6EAD59CA288D95AA004DF069 /* Extensions */,
				6EAD59C5288D9094004DF069 /* Models */,
				6EBE6B29288D07E200719861 /* Views */,
				6EAD59CF288D96D7004DF069 /* ViewModels */,
				6E5ECA0D288DB6CC00F3C45D /* Miscellaneous */,
			);
			path = Reference;
			sourceTree = "<group>";
		};
		6EBE6B29288D07E200719861 /* Views */ = {
			isa = PBXGroup;
			children = (
				6EAD59C8288D93D1004DF069 /* DeferView.swift */,
				6EBE6B1D288D072900719861 /* MainView.swift */,
				6ED50ABD288F799F008F0E59 /* MapKitView.swift */,
				6ED50AC92890CA48008F0E59 /* VisionView.swift */,
				6ED50ACD2890CE90008F0E59 /* ImagePickerView.swift */,
				6E716EDE2892FA430090A88B /* CustomWordsView.swift */,
				6E716EE2289304F70090A88B /* TextFieldAlertView.swift */,
				6E716EEB289354090090A88B /* FirestoreView.swift */,
				6ED50AB3288F3E86008F0E59 /* RemoteConfigView.swift */,
				6E716EE4289341610090A88B /* AVKitPlayerView.swift */,
				6E716EE728934B120090A88B /* VLCKitPlayerView.swift */,
				6ED50AC1288FAA26008F0E59 /* HierarchicalListView.swift */,
				6E5ECA0B288DB15100F3C45D /* VariousLabelsView.swift */,
				6ED50A9A288EEBD0008F0E59 /* FakeryDataView.swift */,
				6E5ECA12288DBC4100F3C45D /* AttributionListView.swift */,
				6E5ECA1C288DD18B00F3C45D /* AttributionDetailsView.swift */,
			);
			path = Views;
			sourceTree = "<group>";
		};
/* End PBXGroup section */

/* Begin PBXNativeTarget section */
		6EBE6B17288D072900719861 /* Reference */ = {
			isa = PBXNativeTarget;
			buildConfigurationList = 6EBE6B26288D072900719861 /* Build configuration list for PBXNativeTarget "Reference" */;
			buildPhases = (
				6EBE6B14288D072900719861 /* Sources */,
				6EBE6B15288D072900719861 /* Frameworks */,
				6EBE6B16288D072900719861 /* Resources */,
			);
			buildRules = (
			);
			dependencies = (
			);
			name = Reference;
			packageProductDependencies = (
				6EAD59C3288D8CA0004DF069 /* BetterListPicker */,
				6E5ECA24288DF42200F3C45D /* Realm */,
				6E5ECA26288DF42200F3C45D /* RealmSwift */,
				6E5ECA29288DF4B200F3C45D /* Fakery */,
				6ED50AA1288F29FE008F0E59 /* FirebaseAnalytics */,
				6ED50AA3288F29FE008F0E59 /* FirebaseAnalyticsSwift */,
				6ED50AA5288F29FE008F0E59 /* FirebaseAppCheck */,
				6ED50AA7288F29FE008F0E59 /* FirebaseAuth */,
				6ED50AA9288F29FE008F0E59 /* FirebaseFirestore */,
				6ED50AAB288F29FE008F0E59 /* FirebaseFirestoreSwift */,
				6ED50AAD288F29FE008F0E59 /* FirebaseRemoteConfig */,
				6ED50AAF288F29FE008F0E59 /* FirebaseRemoteConfigSwift */,
				6ED50AB1288F29FE008F0E59 /* FirebaseStorage */,
			);
			productName = Reference;
			productReference = 6EBE6B18288D072900719861 /* Reference.app */;
			productType = "com.apple.product-type.application";
		};
/* End PBXNativeTarget section */

/* Begin PBXProject section */
		6EBE6B10288D072900719861 /* Project object */ = {
			isa = PBXProject;
			attributes = {
				BuildIndependentTargetsInParallel = 1;
				LastSwiftUpdateCheck = 1340;
				LastUpgradeCheck = 1340;
				TargetAttributes = {
					6EBE6B17288D072900719861 = {
						CreatedOnToolsVersion = 13.4.1;
					};
				};
			};
			buildConfigurationList = 6EBE6B13288D072900719861 /* Build configuration list for PBXProject "Reference" */;
			compatibilityVersion = "Xcode 13.0";
			developmentRegion = en;
			hasScannedForEncodings = 0;
			knownRegions = (
				en,
				Base,
			);
			mainGroup = 6EBE6B0F288D072900719861;
			packageReferences = (
				6EAD59C2288D8CA0004DF069 /* XCRemoteSwiftPackageReference "BetterListPicker" */,
				6E5ECA23288DF42200F3C45D /* XCRemoteSwiftPackageReference "realm-swift" */,
				6E5ECA28288DF4B200F3C45D /* XCRemoteSwiftPackageReference "Fakery" */,
				6ED50AA0288F29FE008F0E59 /* XCRemoteSwiftPackageReference "firebase-ios-sdk" */,
			);
			productRefGroup = 6EBE6B19288D072900719861 /* Products */;
			projectDirPath = "";
			projectRoot = "";
			targets = (
				6EBE6B17288D072900719861 /* Reference */,
			);
		};
/* End PBXProject section */

/* Begin PBXResourcesBuildPhase section */
		6EBE6B16288D072900719861 /* Resources */ = {
			isa = PBXResourcesBuildPhase;
			buildActionMask = 2147483647;
			files = (
				6EBE6B2C288D0B9A00719861 /* LICENSE in Resources */,
				6ED50A9F288F2550008F0E59 /* GoogleService-Info.plist in Resources */,
				6EBE6B2D288D0B9A00719861 /* README.md in Resources */,
				6ED50AC628902721008F0E59 /* Assets.xcassets in Resources */,
			);
			runOnlyForDeploymentPostprocessing = 0;
		};
/* End PBXResourcesBuildPhase section */

/* Begin PBXSourcesBuildPhase section */
		6EBE6B14288D072900719861 /* Sources */ = {
			isa = PBXSourcesBuildPhase;
			buildActionMask = 2147483647;
			files = (
				6EBE6B1E288D072900719861 /* MainView.swift in Sources */,
				6EAD59D1288D9958004DF069 /* MainVM.swift in Sources */,
				6E5ECA13288DBC4100F3C45D /* AttributionListView.swift in Sources */,
				6ED50AC4288FAB3F008F0E59 /* HierarchicalListVM.swift in Sources */,
				6ED50ACE2890CE90008F0E59 /* ImagePickerView.swift in Sources */,
				6E5ECA1F288DD8DD00F3C45D /* AttributionDetailsVM.swift in Sources */,
				6ED50ACA2890CA48008F0E59 /* VisionView.swift in Sources */,
				6E716EDF2892FA430090A88B /* CustomWordsView.swift in Sources */,
				6ED50A9B288EEBD0008F0E59 /* FakeryDataView.swift in Sources */,
				6E716EE3289304F70090A88B /* TextFieldAlertView.swift in Sources */,
				6ED50A87288E04B1008F0E59 /* AppIcon.swift in Sources */,
				6ED50AB6288F3ED4008F0E59 /* RemoteConfigVM.swift in Sources */,
				6E716EE12893003A0090A88B /* ArrayExtension.swift in Sources */,
				6ED50A9D288EEC63008F0E59 /* FakeryDataVM.swift in Sources */,
				6E5ECA1D288DD18B00F3C45D /* AttributionDetailsView.swift in Sources */,
				6E5ECA19288DCCFA00F3C45D /* AttributionListVM.swift in Sources */,
				6E5ECA15288DC20700F3C45D /* VariousLabelsVM.swift in Sources */,
				6ED50AB4288F3E86008F0E59 /* RemoteConfigView.swift in Sources */,
				6E716EE828934B120090A88B /* VLCKitPlayerView.swift in Sources */,
				6ED50ABE288F799F008F0E59 /* MapKitView.swift in Sources */,
				6E716EE5289341610090A88B /* AVKitPlayerView.swift in Sources */,
				6EAD59C7288D90A3004DF069 /* AppAppearance.swift in Sources */,
				6E5ECA0F288DB71600F3C45D /* ColoredIconLabelStyle.swift in Sources */,
				6EBE6B1C288D072900719861 /* ReferenceApp.swift in Sources */,
				6ED50ABA288F5B99008F0E59 /* JSONArrayConfig.swift in Sources */,
				6E5ECA17288DC26100F3C45D /* LabelDetails.swift in Sources */,
				6ED50ACC2890CA86008F0E59 /* VisionVM.swift in Sources */,
				6EAD59CD288D967A004DF069 /* AppDelegate.swift in Sources */,
				6E5ECA1B288DCDD800F3C45D /* AttributionDetails.swift in Sources */,
				6EAD59D3288D9D37004DF069 /* ColorExtension.swift in Sources */,
				6E5ECA0C288DB15100F3C45D /* VariousLabelsView.swift in Sources */,
				6ED50AC2288FAA26008F0E59 /* HierarchicalListView.swift in Sources */,
				6E716EEC289354090090A88B /* FirestoreView.swift in Sources */,
				6EAD59C9288D93D1004DF069 /* DeferView.swift in Sources */,
				6ED50AB8288F5B41008F0E59 /* JSONObjectConfig.swift in Sources */,
				6ED50AC828903C9F008F0E59 /* PathRef.swift in Sources */,
			);
			runOnlyForDeploymentPostprocessing = 0;
		};
/* End PBXSourcesBuildPhase section */

/* Begin XCBuildConfiguration section */
		6EBE6B24288D072900719861 /* Debug */ = {
			isa = XCBuildConfiguration;
			buildSettings = {
				ALWAYS_SEARCH_USER_PATHS = NO;
				CLANG_ANALYZER_NONNULL = YES;
				CLANG_ANALYZER_NUMBER_OBJECT_CONVERSION = YES_AGGRESSIVE;
				CLANG_CXX_LANGUAGE_STANDARD = "gnu++17";
				CLANG_ENABLE_MODULES = YES;
				CLANG_ENABLE_OBJC_ARC = YES;
				CLANG_ENABLE_OBJC_WEAK = YES;
				CLANG_WARN_BLOCK_CAPTURE_AUTORELEASING = YES;
				CLANG_WARN_BOOL_CONVERSION = YES;
				CLANG_WARN_COMMA = YES;
				CLANG_WARN_CONSTANT_CONVERSION = YES;
				CLANG_WARN_DEPRECATED_OBJC_IMPLEMENTATIONS = YES;
				CLANG_WARN_DIRECT_OBJC_ISA_USAGE = YES_ERROR;
				CLANG_WARN_DOCUMENTATION_COMMENTS = YES;
				CLANG_WARN_EMPTY_BODY = YES;
				CLANG_WARN_ENUM_CONVERSION = YES;
				CLANG_WARN_INFINITE_RECURSION = YES;
				CLANG_WARN_INT_CONVERSION = YES;
				CLANG_WARN_NON_LITERAL_NULL_CONVERSION = YES;
				CLANG_WARN_OBJC_IMPLICIT_RETAIN_SELF = YES;
				CLANG_WARN_OBJC_LITERAL_CONVERSION = YES;
				CLANG_WARN_OBJC_ROOT_CLASS = YES_ERROR;
				CLANG_WARN_QUOTED_INCLUDE_IN_FRAMEWORK_HEADER = YES;
				CLANG_WARN_RANGE_LOOP_ANALYSIS = YES;
				CLANG_WARN_STRICT_PROTOTYPES = YES;
				CLANG_WARN_SUSPICIOUS_MOVE = YES;
				CLANG_WARN_UNGUARDED_AVAILABILITY = YES_AGGRESSIVE;
				CLANG_WARN_UNREACHABLE_CODE = YES;
				CLANG_WARN__DUPLICATE_METHOD_MATCH = YES;
				COPY_PHASE_STRIP = NO;
				DEBUG_INFORMATION_FORMAT = dwarf;
				ENABLE_STRICT_OBJC_MSGSEND = YES;
				ENABLE_TESTABILITY = YES;
				GCC_C_LANGUAGE_STANDARD = gnu11;
				GCC_DYNAMIC_NO_PIC = NO;
				GCC_NO_COMMON_BLOCKS = YES;
				GCC_OPTIMIZATION_LEVEL = 0;
				GCC_PREPROCESSOR_DEFINITIONS = (
					"DEBUG=1",
					"$(inherited)",
				);
				GCC_WARN_64_TO_32_BIT_CONVERSION = YES;
				GCC_WARN_ABOUT_RETURN_TYPE = YES_ERROR;
				GCC_WARN_UNDECLARED_SELECTOR = YES;
				GCC_WARN_UNINITIALIZED_AUTOS = YES_AGGRESSIVE;
				GCC_WARN_UNUSED_FUNCTION = YES;
				GCC_WARN_UNUSED_VARIABLE = YES;
				IPHONEOS_DEPLOYMENT_TARGET = 15.5;
				MTL_ENABLE_DEBUG_INFO = INCLUDE_SOURCE;
				MTL_FAST_MATH = YES;
				ONLY_ACTIVE_ARCH = YES;
				SDKROOT = iphoneos;
				SWIFT_ACTIVE_COMPILATION_CONDITIONS = DEBUG;
				SWIFT_OPTIMIZATION_LEVEL = "-Onone";
			};
			name = Debug;
		};
		6EBE6B25288D072900719861 /* Release */ = {
			isa = XCBuildConfiguration;
			buildSettings = {
				ALWAYS_SEARCH_USER_PATHS = NO;
				CLANG_ANALYZER_NONNULL = YES;
				CLANG_ANALYZER_NUMBER_OBJECT_CONVERSION = YES_AGGRESSIVE;
				CLANG_CXX_LANGUAGE_STANDARD = "gnu++17";
				CLANG_ENABLE_MODULES = YES;
				CLANG_ENABLE_OBJC_ARC = YES;
				CLANG_ENABLE_OBJC_WEAK = YES;
				CLANG_WARN_BLOCK_CAPTURE_AUTORELEASING = YES;
				CLANG_WARN_BOOL_CONVERSION = YES;
				CLANG_WARN_COMMA = YES;
				CLANG_WARN_CONSTANT_CONVERSION = YES;
				CLANG_WARN_DEPRECATED_OBJC_IMPLEMENTATIONS = YES;
				CLANG_WARN_DIRECT_OBJC_ISA_USAGE = YES_ERROR;
				CLANG_WARN_DOCUMENTATION_COMMENTS = YES;
				CLANG_WARN_EMPTY_BODY = YES;
				CLANG_WARN_ENUM_CONVERSION = YES;
				CLANG_WARN_INFINITE_RECURSION = YES;
				CLANG_WARN_INT_CONVERSION = YES;
				CLANG_WARN_NON_LITERAL_NULL_CONVERSION = YES;
				CLANG_WARN_OBJC_IMPLICIT_RETAIN_SELF = YES;
				CLANG_WARN_OBJC_LITERAL_CONVERSION = YES;
				CLANG_WARN_OBJC_ROOT_CLASS = YES_ERROR;
				CLANG_WARN_QUOTED_INCLUDE_IN_FRAMEWORK_HEADER = YES;
				CLANG_WARN_RANGE_LOOP_ANALYSIS = YES;
				CLANG_WARN_STRICT_PROTOTYPES = YES;
				CLANG_WARN_SUSPICIOUS_MOVE = YES;
				CLANG_WARN_UNGUARDED_AVAILABILITY = YES_AGGRESSIVE;
				CLANG_WARN_UNREACHABLE_CODE = YES;
				CLANG_WARN__DUPLICATE_METHOD_MATCH = YES;
				COPY_PHASE_STRIP = NO;
				DEBUG_INFORMATION_FORMAT = "dwarf-with-dsym";
				ENABLE_NS_ASSERTIONS = NO;
				ENABLE_STRICT_OBJC_MSGSEND = YES;
				GCC_C_LANGUAGE_STANDARD = gnu11;
				GCC_NO_COMMON_BLOCKS = YES;
				GCC_WARN_64_TO_32_BIT_CONVERSION = YES;
				GCC_WARN_ABOUT_RETURN_TYPE = YES_ERROR;
				GCC_WARN_UNDECLARED_SELECTOR = YES;
				GCC_WARN_UNINITIALIZED_AUTOS = YES_AGGRESSIVE;
				GCC_WARN_UNUSED_FUNCTION = YES;
				GCC_WARN_UNUSED_VARIABLE = YES;
				IPHONEOS_DEPLOYMENT_TARGET = 15.5;
				MTL_ENABLE_DEBUG_INFO = NO;
				MTL_FAST_MATH = YES;
				SDKROOT = iphoneos;
				SWIFT_COMPILATION_MODE = wholemodule;
				SWIFT_OPTIMIZATION_LEVEL = "-O";
				VALIDATE_PRODUCT = YES;
			};
			name = Release;
		};
		6EBE6B27288D072900719861 /* Debug */ = {
			isa = XCBuildConfiguration;
			buildSettings = {
				ASSETCATALOG_COMPILER_ALTERNATE_APPICON_NAMES = "AppIcon-Black AppIcon-Blue AppIcon-Green AppIcon-Mint AppIcon-Orange AppIcon-Purple AppIcon-Red";
				ASSETCATALOG_COMPILER_APPICON_NAME = "AppIcon-Black";
				ASSETCATALOG_COMPILER_GLOBAL_ACCENT_COLOR_NAME = "";
				ASSETCATALOG_COMPILER_INCLUDE_ALL_APPICON_ASSETS = YES;
				CODE_SIGN_STYLE = Automatic;
				CURRENT_PROJECT_VERSION = 1;
				DEVELOPMENT_ASSET_PATHS = Reference/Assets.xcassets;
				DEVELOPMENT_TEAM = NZ3JV53WDD;
				ENABLE_PREVIEWS = YES;
				GENERATE_INFOPLIST_FILE = YES;
				INFOPLIST_FILE = Reference/Info.plist;
				INFOPLIST_KEY_NSCameraUsageDescription = "Vision Features";
				INFOPLIST_KEY_NSPhotoLibraryUsageDescription = "Vision Features";
				INFOPLIST_KEY_UIApplicationSceneManifest_Generation = YES;
				INFOPLIST_KEY_UIApplicationSupportsIndirectInputEvents = YES;
				INFOPLIST_KEY_UILaunchScreen_Generation = YES;
				INFOPLIST_KEY_UISupportedInterfaceOrientations = "";
				INFOPLIST_KEY_UISupportedInterfaceOrientations_iPad = "UIInterfaceOrientationPortrait UIInterfaceOrientationPortraitUpsideDown UIInterfaceOrientationLandscapeLeft UIInterfaceOrientationLandscapeRight";
				INFOPLIST_KEY_UISupportedInterfaceOrientations_iPhone = "UIInterfaceOrientationPortrait UIInterfaceOrientationLandscapeLeft UIInterfaceOrientationLandscapeRight";
				LD_RUNPATH_SEARCH_PATHS = (
					"$(inherited)",
					"@executable_path/Frameworks",
				);
				MARKETING_VERSION = 1.0;
				PRODUCT_BUNDLE_IDENTIFIER = Teekzilla.Reference;
				PRODUCT_NAME = "$(TARGET_NAME)";
				SWIFT_EMIT_LOC_STRINGS = YES;
				SWIFT_VERSION = 5.0;
				TARGETED_DEVICE_FAMILY = 1;
			};
			name = Debug;
		};
		6EBE6B28288D072900719861 /* Release */ = {
			isa = XCBuildConfiguration;
			buildSettings = {
				ASSETCATALOG_COMPILER_ALTERNATE_APPICON_NAMES = "AppIcon-Black AppIcon-Blue AppIcon-Green AppIcon-Mint AppIcon-Orange AppIcon-Purple AppIcon-Red";
				ASSETCATALOG_COMPILER_APPICON_NAME = "AppIcon-Black";
				ASSETCATALOG_COMPILER_GLOBAL_ACCENT_COLOR_NAME = "";
				ASSETCATALOG_COMPILER_INCLUDE_ALL_APPICON_ASSETS = YES;
				CODE_SIGN_STYLE = Automatic;
				CURRENT_PROJECT_VERSION = 1;
				DEVELOPMENT_ASSET_PATHS = Reference/Assets.xcassets;
				DEVELOPMENT_TEAM = NZ3JV53WDD;
				ENABLE_PREVIEWS = YES;
				GENERATE_INFOPLIST_FILE = YES;
				INFOPLIST_FILE = Reference/Info.plist;
				INFOPLIST_KEY_NSCameraUsageDescription = "Vision Features";
				INFOPLIST_KEY_NSPhotoLibraryUsageDescription = "Vision Features";
				INFOPLIST_KEY_UIApplicationSceneManifest_Generation = YES;
				INFOPLIST_KEY_UIApplicationSupportsIndirectInputEvents = YES;
				INFOPLIST_KEY_UILaunchScreen_Generation = YES;
				INFOPLIST_KEY_UISupportedInterfaceOrientations = "";
				INFOPLIST_KEY_UISupportedInterfaceOrientations_iPad = "UIInterfaceOrientationPortrait UIInterfaceOrientationPortraitUpsideDown UIInterfaceOrientationLandscapeLeft UIInterfaceOrientationLandscapeRight";
				INFOPLIST_KEY_UISupportedInterfaceOrientations_iPhone = "UIInterfaceOrientationPortrait UIInterfaceOrientationLandscapeLeft UIInterfaceOrientationLandscapeRight";
				LD_RUNPATH_SEARCH_PATHS = (
					"$(inherited)",
					"@executable_path/Frameworks",
				);
				MARKETING_VERSION = 1.0;
				PRODUCT_BUNDLE_IDENTIFIER = Teekzilla.Reference;
				PRODUCT_NAME = "$(TARGET_NAME)";
				SWIFT_EMIT_LOC_STRINGS = YES;
				SWIFT_VERSION = 5.0;
				TARGETED_DEVICE_FAMILY = 1;
			};
			name = Release;
		};
/* End XCBuildConfiguration section */

/* Begin XCConfigurationList section */
		6EBE6B13288D072900719861 /* Build configuration list for PBXProject "Reference" */ = {
			isa = XCConfigurationList;
			buildConfigurations = (
				6EBE6B24288D072900719861 /* Debug */,
				6EBE6B25288D072900719861 /* Release */,
			);
			defaultConfigurationIsVisible = 0;
			defaultConfigurationName = Release;
		};
		6EBE6B26288D072900719861 /* Build configuration list for PBXNativeTarget "Reference" */ = {
			isa = XCConfigurationList;
			buildConfigurations = (
				6EBE6B27288D072900719861 /* Debug */,
				6EBE6B28288D072900719861 /* Release */,
			);
			defaultConfigurationIsVisible = 0;
			defaultConfigurationName = Release;
		};
/* End XCConfigurationList section */

/* Begin XCRemoteSwiftPackageReference section */
		6E5ECA23288DF42200F3C45D /* XCRemoteSwiftPackageReference "realm-swift" */ = {
			isa = XCRemoteSwiftPackageReference;
			repositoryURL = "https://github.com/realm/realm-swift.git";
			requirement = {
				kind = upToNextMajorVersion;
				minimumVersion = 10.0.0;
			};
		};
		6E5ECA28288DF4B200F3C45D /* XCRemoteSwiftPackageReference "Fakery" */ = {
			isa = XCRemoteSwiftPackageReference;
			repositoryURL = "https://github.com/vadymmarkov/Fakery.git";
			requirement = {
				kind = upToNextMajorVersion;
				minimumVersion = 5.0.0;
			};
		};
		6EAD59C2288D8CA0004DF069 /* XCRemoteSwiftPackageReference "BetterListPicker" */ = {
			isa = XCRemoteSwiftPackageReference;
			repositoryURL = "https://github.com/Jinya/BetterListPicker.git";
			requirement = {
				kind = upToNextMajorVersion;
				minimumVersion = 0.0.0;
			};
		};
		6ED50AA0288F29FE008F0E59 /* XCRemoteSwiftPackageReference "firebase-ios-sdk" */ = {
			isa = XCRemoteSwiftPackageReference;
			repositoryURL = "https://github.com/firebase/firebase-ios-sdk";
			requirement = {
				kind = upToNextMajorVersion;
				minimumVersion = 9.0.0;
			};
		};
/* End XCRemoteSwiftPackageReference section */

/* Begin XCSwiftPackageProductDependency section */
		6E5ECA24288DF42200F3C45D /* Realm */ = {
			isa = XCSwiftPackageProductDependency;
			package = 6E5ECA23288DF42200F3C45D /* XCRemoteSwiftPackageReference "realm-swift" */;
			productName = Realm;
		};
		6E5ECA26288DF42200F3C45D /* RealmSwift */ = {
			isa = XCSwiftPackageProductDependency;
			package = 6E5ECA23288DF42200F3C45D /* XCRemoteSwiftPackageReference "realm-swift" */;
			productName = RealmSwift;
		};
		6E5ECA29288DF4B200F3C45D /* Fakery */ = {
			isa = XCSwiftPackageProductDependency;
			package = 6E5ECA28288DF4B200F3C45D /* XCRemoteSwiftPackageReference "Fakery" */;
			productName = Fakery;
		};
		6EAD59C3288D8CA0004DF069 /* BetterListPicker */ = {
			isa = XCSwiftPackageProductDependency;
			package = 6EAD59C2288D8CA0004DF069 /* XCRemoteSwiftPackageReference "BetterListPicker" */;
			productName = BetterListPicker;
		};
		6ED50AA1288F29FE008F0E59 /* FirebaseAnalytics */ = {
			isa = XCSwiftPackageProductDependency;
			package = 6ED50AA0288F29FE008F0E59 /* XCRemoteSwiftPackageReference "firebase-ios-sdk" */;
			productName = FirebaseAnalytics;
		};
		6ED50AA3288F29FE008F0E59 /* FirebaseAnalyticsSwift */ = {
			isa = XCSwiftPackageProductDependency;
			package = 6ED50AA0288F29FE008F0E59 /* XCRemoteSwiftPackageReference "firebase-ios-sdk" */;
			productName = FirebaseAnalyticsSwift;
		};
		6ED50AA5288F29FE008F0E59 /* FirebaseAppCheck */ = {
			isa = XCSwiftPackageProductDependency;
			package = 6ED50AA0288F29FE008F0E59 /* XCRemoteSwiftPackageReference "firebase-ios-sdk" */;
			productName = FirebaseAppCheck;
		};
		6ED50AA7288F29FE008F0E59 /* FirebaseAuth */ = {
			isa = XCSwiftPackageProductDependency;
			package = 6ED50AA0288F29FE008F0E59 /* XCRemoteSwiftPackageReference "firebase-ios-sdk" */;
			productName = FirebaseAuth;
		};
		6ED50AA9288F29FE008F0E59 /* FirebaseFirestore */ = {
			isa = XCSwiftPackageProductDependency;
			package = 6ED50AA0288F29FE008F0E59 /* XCRemoteSwiftPackageReference "firebase-ios-sdk" */;
			productName = FirebaseFirestore;
		};
		6ED50AAB288F29FE008F0E59 /* FirebaseFirestoreSwift */ = {
			isa = XCSwiftPackageProductDependency;
			package = 6ED50AA0288F29FE008F0E59 /* XCRemoteSwiftPackageReference "firebase-ios-sdk" */;
			productName = FirebaseFirestoreSwift;
		};
		6ED50AAD288F29FE008F0E59 /* FirebaseRemoteConfig */ = {
			isa = XCSwiftPackageProductDependency;
			package = 6ED50AA0288F29FE008F0E59 /* XCRemoteSwiftPackageReference "firebase-ios-sdk" */;
			productName = FirebaseRemoteConfig;
		};
		6ED50AAF288F29FE008F0E59 /* FirebaseRemoteConfigSwift */ = {
			isa = XCSwiftPackageProductDependency;
			package = 6ED50AA0288F29FE008F0E59 /* XCRemoteSwiftPackageReference "firebase-ios-sdk" */;
			productName = FirebaseRemoteConfigSwift;
		};
		6ED50AB1288F29FE008F0E59 /* FirebaseStorage */ = {
			isa = XCSwiftPackageProductDependency;
			package = 6ED50AA0288F29FE008F0E59 /* XCRemoteSwiftPackageReference "firebase-ios-sdk" */;
			productName = FirebaseStorage;
		};
/* End XCSwiftPackageProductDependency section */
	};
	rootObject = 6EBE6B10288D072900719861 /* Project object */;
}
